<?xml version="1.0" encoding="utf-8"?>
<Project ToolsVersion="4.0" xmlns="http://schemas.microsoft.com/developer/msbuild/2003">
  <ItemGroup>
    <Filter Include="Hedric">
      <UniqueIdentifier>{B4E52EB7-A087-598D-8942-6DE17583E0DD}</UniqueIdentifier>
    </Filter>
  </ItemGroup>
  <ItemGroup>
    <ClInclude Include="src\Hedric.h" />
    <ClInclude Include="src\Hedric\Application.h">
      <Filter>Hedric</Filter>
    </ClInclude>
    <ClInclude Include="src\Hedric\Core.h">
      <Filter>Hedric</Filter>
    </ClInclude>
    <ClInclude Include="src\Hedric\Entrypoint.h">
      <Filter>Hedric</Filter>
    </ClInclude>
    <ClInclude Include="src\Hedric\Log.h">
      <Filter>Hedric</Filter>
    </ClInclude>
  </ItemGroup>
  <ItemGroup>
    <ClCompile Include="src\Hedric\Application.cpp">
      <Filter>Hedric</Filter>
    </ClCompile>
    <ClCompile Include="src\Hedric\Log.cpp">
      <Filter>Hedric</Filter>
    </ClCompile>
  </ItemGroup>
</Project>